
Microsoft Visual Studio Solution File, Format Version 12.00
# Visual Studio Version 17
VisualStudioVersion = 17.6.33712.159
MinimumVisualStudioVersion = 10.0.40219.1
Project("{FAE04EC0-301F-11D3-BF4B-00C04F79EFBC}") = "DockerBlazor", "DockerBlazor\DockerBlazor.csproj", "{8E4482C5-02CC-4D40-9A79-BFAC213B775C}"
EndProject
Global
	GlobalSection(SolutionConfigurationPlatforms) = preSolution
		Debug|Any CPU = Debug|Any CPU
		Release|Any CPU = Release|Any CPU
	EndGlobalSection
	GlobalSection(ProjectConfigurationPlatforms) = postSolution
		{8E4482C5-02CC-4D40-9A79-BFAC213B775C}.Debug|Any CPU.ActiveCfg = Debug|Any CPU
		{8E4482C5-02CC-4D40-9A79-BFAC213B775C}.Debug|Any CPU.Build.0 = Debug|Any CPU
		{8E4482C5-02CC-4D40-9A79-BFAC213B775C}.Release|Any CPU.ActiveCfg = Release|Any CPU
		{8E4482C5-02CC-4D40-9A79-BFAC213B775C}.Release|Any CPU.Build.0 = Release|Any CPU
	EndGlobalSection
	GlobalSection(SolutionProperties) = preSolution
		HideSolutionNode = FALSE
	EndGlobalSection
	GlobalSection(ExtensibilityGlobals) = postSolution
		SolutionGuid = {2A8F91B9-EA8F-4680-A76A-B40A2404737E}
	EndGlobalSection
EndGlobal
